
Microsoft Visual Studio Solution File, Format Version 12.00
# Visual Studio Version 17
VisualStudioVersion = 17.4.33213.308
MinimumVisualStudioVersion = 10.0.40219.1
Project("{9A19103F-16F7-4668-BE54-9A1E7A4F7556}") = "Syslog", "Syslog\Syslog.csproj", "{B83BB4A3-2862-40EE-AD65-3597EA346D50}"
EndProject
Project("{9A19103F-16F7-4668-BE54-9A1E7A4F7556}") = "Logging", "Logging\Logging.csproj", "{09917F88-98BE-446F-A21B-54B5CB083907}"
EndProject
Project("{9A19103F-16F7-4668-BE54-9A1E7A4F7556}") = "SampleServer", "Samples\SampleServer\SampleServer.csproj", "{814320D6-2761-4A2A-A094-C709A5D4085C}"
EndProject
Project("{9A19103F-16F7-4668-BE54-9A1E7A4F7556}") = "SampleClient", "Samples\SampleClient\SampleClient.csproj", "{F57DEE55-23BB-4A38-A4E8-DFE97B8E4D82}"
EndProject
Project("{2150E333-8FDC-42A3-9474-1A3956D46DE8}") = "Samples", "Samples", "{DB16FBC0-4424-43B7-8C3A-E5454B1B9BF9}"
EndProject
Global
	GlobalSection(SolutionConfigurationPlatforms) = preSolution
		Debug|Any CPU = Debug|Any CPU
		Release|Any CPU = Release|Any CPU
	EndGlobalSection
	GlobalSection(ProjectConfigurationPlatforms) = postSolution
		{B83BB4A3-2862-40EE-AD65-3597EA346D50}.Debug|Any CPU.ActiveCfg = Debug|Any CPU
		{B83BB4A3-2862-40EE-AD65-3597EA346D50}.Debug|Any CPU.Build.0 = Debug|Any CPU
		{B83BB4A3-2862-40EE-AD65-3597EA346D50}.Release|Any CPU.ActiveCfg = Release|Any CPU
		{B83BB4A3-2862-40EE-AD65-3597EA346D50}.Release|Any CPU.Build.0 = Release|Any CPU
		{09917F88-98BE-446F-A21B-54B5CB083907}.Debug|Any CPU.ActiveCfg = Debug|Any CPU
		{09917F88-98BE-446F-A21B-54B5CB083907}.Debug|Any CPU.Build.0 = Debug|Any CPU
		{09917F88-98BE-446F-A21B-54B5CB083907}.Release|Any CPU.ActiveCfg = Release|Any CPU
		{09917F88-98BE-446F-A21B-54B5CB083907}.Release|Any CPU.Build.0 = Release|Any CPU
		{814320D6-2761-4A2A-A094-C709A5D4085C}.Debug|Any CPU.ActiveCfg = Debug|Any CPU
		{814320D6-2761-4A2A-A094-C709A5D4085C}.Debug|Any CPU.Build.0 = Debug|Any CPU
		{814320D6-2761-4A2A-A094-C709A5D4085C}.Release|Any CPU.ActiveCfg = Release|Any CPU
		{814320D6-2761-4A2A-A094-C709A5D4085C}.Release|Any CPU.Build.0 = Release|Any CPU
		{F57DEE55-23BB-4A38-A4E8-DFE97B8E4D82}.Debug|Any CPU.ActiveCfg = Debug|Any CPU
		{F57DEE55-23BB-4A38-A4E8-DFE97B8E4D82}.Debug|Any CPU.Build.0 = Debug|Any CPU
		{F57DEE55-23BB-4A38-A4E8-DFE97B8E4D82}.Release|Any CPU.ActiveCfg = Release|Any CPU
		{F57DEE55-23BB-4A38-A4E8-DFE97B8E4D82}.Release|Any CPU.Build.0 = Release|Any CPU
	EndGlobalSection
	GlobalSection(SolutionProperties) = preSolution
		HideSolutionNode = FALSE
	EndGlobalSection
	GlobalSection(NestedProjects) = preSolution
		{814320D6-2761-4A2A-A094-C709A5D4085C} = {DB16FBC0-4424-43B7-8C3A-E5454B1B9BF9}
		{F57DEE55-23BB-4A38-A4E8-DFE97B8E4D82} = {DB16FBC0-4424-43B7-8C3A-E5454B1B9BF9}
	EndGlobalSection
	GlobalSection(ExtensibilityGlobals) = postSolution
		SolutionGuid = {F0B8FB16-EC3A-4E86-9B2E-0344DF17DF50}
	EndGlobalSection
EndGlobal
